// !$*UTF8*$!
{
	archiveVersion = 1;
	classes = {
	};
	objectVersion = 46;
	objects = {

/* Begin PBXBuildFile section */
		984164ADE4DE575EC3B5D896 /* Pods_GestureRecognizerClosuresTests.framework in Frameworks */ = {isa = PBXBuildFile; fileRef = C095D11B5773A21D2CD57048 /* Pods_GestureRecognizerClosuresTests.framework */; };
		A00B32241C7A858F00286DC8 /* UIControl+ClosuresTests.swift in Sources */ = {isa = PBXBuildFile; fileRef = A00B32231C7A858F00286DC8 /* UIControl+ClosuresTests.swift */; };
		A00B32261C7A860200286DC8 /* UIControl+Closures.swift in Sources */ = {isa = PBXBuildFile; fileRef = A00B32251C7A860200286DC8 /* UIControl+Closures.swift */; };
		A03BAB641C470E6B00E8395F /* GestureClosure.swift in Sources */ = {isa = PBXBuildFile; fileRef = A03BAB631C470E6B00E8395F /* GestureClosure.swift */; };
		A0641E971C61718E002C8160 /* UIBarButtonItem+Closures.swift in Sources */ = {isa = PBXBuildFile; fileRef = A0641E961C61718E002C8160 /* UIBarButtonItem+Closures.swift */; };
		A0641E991C6171B4002C8160 /* UIBarButtonItem+ClosuresTests.swift in Sources */ = {isa = PBXBuildFile; fileRef = A0641E981C6171B4002C8160 /* UIBarButtonItem+ClosuresTests.swift */; };
		A070B78D1BA201CB00EF265E /* UIView+Closures.swift in Sources */ = {isa = PBXBuildFile; fileRef = A070B78C1BA201CB00EF265E /* UIView+Closures.swift */; };
		A083DE171BA9EE6B001E867F /* UIViewGesture+ClosuresTests.swift in Sources */ = {isa = PBXBuildFile; fileRef = A083DE161BA9EE6B001E867F /* UIViewGesture+ClosuresTests.swift */; };
		A0AE34F41C62C4A7004BD6B7 /* ClosureHandler.swift in Sources */ = {isa = PBXBuildFile; fileRef = A0AE34F31C62C4A7004BD6B7 /* ClosureHandler.swift */; };
		A0D21BEA1BAA0F2A0085219D /* GestureRecognizerClosures.framework in Frameworks */ = {isa = PBXBuildFile; fileRef = A0E0A2D01B8D186F00E9F7D0 /* GestureRecognizerClosures.framework */; };
		A0E0A2D61B8D186F00E9F7D0 /* GestureRecognizerClosures.h in Headers */ = {isa = PBXBuildFile; fileRef = A0E0A2D51B8D186F00E9F7D0 /* GestureRecognizerClosures.h */; settings = {ATTRIBUTES = (Public, ); }; };
		A0E0A2E31B8D186F00E9F7D0 /* UIGestureRecognizer+ClosuresTests.swift in Sources */ = {isa = PBXBuildFile; fileRef = A0E0A2E21B8D186F00E9F7D0 /* UIGestureRecognizer+ClosuresTests.swift */; };
		A0E0A2ED1B8D189D00E9F7D0 /* UIGestureRecognizer+Closures.swift in Sources */ = {isa = PBXBuildFile; fileRef = A0E0A2EC1B8D189D00E9F7D0 /* UIGestureRecognizer+Closures.swift */; };
/* End PBXBuildFile section */

/* Begin PBXContainerItemProxy section */
		A0E0A2DD1B8D186F00E9F7D0 /* PBXContainerItemProxy */ = {
			isa = PBXContainerItemProxy;
			containerPortal = A0E0A2C71B8D186F00E9F7D0 /* Project object */;
			proxyType = 1;
			remoteGlobalIDString = A0E0A2CF1B8D186F00E9F7D0;
			remoteInfo = GestureRecognizerClosures;
		};
/* End PBXContainerItemProxy section */

/* Begin PBXFileReference section */
		1D6408EB2F0B42B6369E193D /* Pods-GestureRecognizerClosuresTests.release.xcconfig */ = {isa = PBXFileReference; includeInIndex = 1; lastKnownFileType = text.xcconfig; name = "Pods-GestureRecognizerClosuresTests.release.xcconfig"; path = "Pods/Target Support Files/Pods-GestureRecognizerClosuresTests/Pods-GestureRecognizerClosuresTests.release.xcconfig"; sourceTree = "<group>"; };
		A00B32231C7A858F00286DC8 /* UIControl+ClosuresTests.swift */ = {isa = PBXFileReference; fileEncoding = 4; lastKnownFileType = sourcecode.swift; path = "UIControl+ClosuresTests.swift"; sourceTree = "<group>"; };
		A00B32251C7A860200286DC8 /* UIControl+Closures.swift */ = {isa = PBXFileReference; fileEncoding = 4; lastKnownFileType = sourcecode.swift; path = "UIControl+Closures.swift"; sourceTree = "<group>"; };
		A03BAB631C470E6B00E8395F /* GestureClosure.swift */ = {isa = PBXFileReference; fileEncoding = 4; lastKnownFileType = sourcecode.swift; path = GestureClosure.swift; sourceTree = "<group>"; };
		A0641E961C61718E002C8160 /* UIBarButtonItem+Closures.swift */ = {isa = PBXFileReference; fileEncoding = 4; lastKnownFileType = sourcecode.swift; path = "UIBarButtonItem+Closures.swift"; sourceTree = "<group>"; };
		A0641E981C6171B4002C8160 /* UIBarButtonItem+ClosuresTests.swift */ = {isa = PBXFileReference; fileEncoding = 4; lastKnownFileType = sourcecode.swift; path = "UIBarButtonItem+ClosuresTests.swift"; sourceTree = "<group>"; };
		A070B78C1BA201CB00EF265E /* UIView+Closures.swift */ = {isa = PBXFileReference; fileEncoding = 4; lastKnownFileType = sourcecode.swift; path = "UIView+Closures.swift"; sourceTree = "<group>"; };
		A083DE161BA9EE6B001E867F /* UIViewGesture+ClosuresTests.swift */ = {isa = PBXFileReference; fileEncoding = 4; lastKnownFileType = sourcecode.swift; path = "UIViewGesture+ClosuresTests.swift"; sourceTree = "<group>"; };
		A0AE34F31C62C4A7004BD6B7 /* ClosureHandler.swift */ = {isa = PBXFileReference; fileEncoding = 4; lastKnownFileType = sourcecode.swift; path = ClosureHandler.swift; sourceTree = "<group>"; };
		A0E0A2D01B8D186F00E9F7D0 /* GestureRecognizerClosures.framework */ = {isa = PBXFileReference; explicitFileType = wrapper.framework; includeInIndex = 0; path = GestureRecognizerClosures.framework; sourceTree = BUILT_PRODUCTS_DIR; };
		A0E0A2D41B8D186F00E9F7D0 /* Info.plist */ = {isa = PBXFileReference; lastKnownFileType = text.plist.xml; path = Info.plist; sourceTree = "<group>"; };
		A0E0A2D51B8D186F00E9F7D0 /* GestureRecognizerClosures.h */ = {isa = PBXFileReference; lastKnownFileType = sourcecode.c.h; path = GestureRecognizerClosures.h; sourceTree = "<group>"; };
		A0E0A2DB1B8D186F00E9F7D0 /* GestureRecognizerClosuresTests.xctest */ = {isa = PBXFileReference; explicitFileType = wrapper.cfbundle; includeInIndex = 0; path = GestureRecognizerClosuresTests.xctest; sourceTree = BUILT_PRODUCTS_DIR; };
		A0E0A2E11B8D186F00E9F7D0 /* Info.plist */ = {isa = PBXFileReference; lastKnownFileType = text.plist.xml; path = Info.plist; sourceTree = "<group>"; };
		A0E0A2E21B8D186F00E9F7D0 /* UIGestureRecognizer+ClosuresTests.swift */ = {isa = PBXFileReference; lastKnownFileType = sourcecode.swift; path = "UIGestureRecognizer+ClosuresTests.swift"; sourceTree = "<group>"; };
		A0E0A2EC1B8D189D00E9F7D0 /* UIGestureRecognizer+Closures.swift */ = {isa = PBXFileReference; fileEncoding = 4; lastKnownFileType = sourcecode.swift; path = "UIGestureRecognizer+Closures.swift"; sourceTree = "<group>"; };
		A27428F363D386D9A572F738 /* Pods-GestureRecognizerClosuresTests.debug.xcconfig */ = {isa = PBXFileReference; includeInIndex = 1; lastKnownFileType = text.xcconfig; name = "Pods-GestureRecognizerClosuresTests.debug.xcconfig"; path = "Pods/Target Support Files/Pods-GestureRecognizerClosuresTests/Pods-GestureRecognizerClosuresTests.debug.xcconfig"; sourceTree = "<group>"; };
		C095D11B5773A21D2CD57048 /* Pods_GestureRecognizerClosuresTests.framework */ = {isa = PBXFileReference; explicitFileType = wrapper.framework; includeInIndex = 0; path = Pods_GestureRecognizerClosuresTests.framework; sourceTree = BUILT_PRODUCTS_DIR; };
/* End PBXFileReference section */

/* Begin PBXFrameworksBuildPhase section */
		A0E0A2CC1B8D186F00E9F7D0 /* Frameworks */ = {
			isa = PBXFrameworksBuildPhase;
			buildActionMask = 2147483647;
			files = (
			);
			runOnlyForDeploymentPostprocessing = 0;
		};
		A0E0A2D81B8D186F00E9F7D0 /* Frameworks */ = {
			isa = PBXFrameworksBuildPhase;
			buildActionMask = 2147483647;
			files = (
				A0D21BEA1BAA0F2A0085219D /* GestureRecognizerClosures.framework in Frameworks */,
				984164ADE4DE575EC3B5D896 /* Pods_GestureRecognizerClosuresTests.framework in Frameworks */,
			);
			runOnlyForDeploymentPostprocessing = 0;
		};
/* End PBXFrameworksBuildPhase section */

/* Begin PBXGroup section */
		3D6A74ABE821164C938DCA9B /* Frameworks */ = {
			isa = PBXGroup;
			children = (
				C095D11B5773A21D2CD57048 /* Pods_GestureRecognizerClosuresTests.framework */,
			);
			name = Frameworks;
			sourceTree = "<group>";
		};
		4940F230570211C2C37F03C9 /* Pods */ = {
			isa = PBXGroup;
			children = (
				A27428F363D386D9A572F738 /* Pods-GestureRecognizerClosuresTests.debug.xcconfig */,
				1D6408EB2F0B42B6369E193D /* Pods-GestureRecognizerClosuresTests.release.xcconfig */,
			);
			name = Pods;
			sourceTree = "<group>";
		};
		A0E0A2C61B8D186F00E9F7D0 = {
			isa = PBXGroup;
			children = (
				A0E0A2D21B8D186F00E9F7D0 /* GestureRecognizerClosures */,
				A0E0A2DF1B8D186F00E9F7D0 /* GestureRecognizerClosuresTests */,
				A0E0A2D11B8D186F00E9F7D0 /* Products */,
				4940F230570211C2C37F03C9 /* Pods */,
				3D6A74ABE821164C938DCA9B /* Frameworks */,
			);
			sourceTree = "<group>";
		};
		A0E0A2D11B8D186F00E9F7D0 /* Products */ = {
			isa = PBXGroup;
			children = (
				A0E0A2D01B8D186F00E9F7D0 /* GestureRecognizerClosures.framework */,
				A0E0A2DB1B8D186F00E9F7D0 /* GestureRecognizerClosuresTests.xctest */,
			);
			name = Products;
			sourceTree = "<group>";
		};
		A0E0A2D21B8D186F00E9F7D0 /* GestureRecognizerClosures */ = {
			isa = PBXGroup;
			children = (
				A0E0A2D51B8D186F00E9F7D0 /* GestureRecognizerClosures.h */,
				A0AE34F31C62C4A7004BD6B7 /* ClosureHandler.swift */,
				A03BAB631C470E6B00E8395F /* GestureClosure.swift */,
				A0641E961C61718E002C8160 /* UIBarButtonItem+Closures.swift */,
				A00B32251C7A860200286DC8 /* UIControl+Closures.swift */,
				A0E0A2EC1B8D189D00E9F7D0 /* UIGestureRecognizer+Closures.swift */,
				A070B78C1BA201CB00EF265E /* UIView+Closures.swift */,
				A0E0A2D31B8D186F00E9F7D0 /* Supporting Files */,
			);
			path = GestureRecognizerClosures;
			sourceTree = "<group>";
		};
		A0E0A2D31B8D186F00E9F7D0 /* Supporting Files */ = {
			isa = PBXGroup;
			children = (
				A0E0A2D41B8D186F00E9F7D0 /* Info.plist */,
			);
			name = "Supporting Files";
			sourceTree = "<group>";
		};
		A0E0A2DF1B8D186F00E9F7D0 /* GestureRecognizerClosuresTests */ = {
			isa = PBXGroup;
			children = (
				A0641E981C6171B4002C8160 /* UIBarButtonItem+ClosuresTests.swift */,
				A00B32231C7A858F00286DC8 /* UIControl+ClosuresTests.swift */,
				A0E0A2E21B8D186F00E9F7D0 /* UIGestureRecognizer+ClosuresTests.swift */,
				A083DE161BA9EE6B001E867F /* UIViewGesture+ClosuresTests.swift */,
				A0E0A2E01B8D186F00E9F7D0 /* Supporting Files */,
			);
			path = GestureRecognizerClosuresTests;
			sourceTree = "<group>";
		};
		A0E0A2E01B8D186F00E9F7D0 /* Supporting Files */ = {
			isa = PBXGroup;
			children = (
				A0E0A2E11B8D186F00E9F7D0 /* Info.plist */,
			);
			name = "Supporting Files";
			sourceTree = "<group>";
		};
/* End PBXGroup section */

/* Begin PBXHeadersBuildPhase section */
		A0E0A2CD1B8D186F00E9F7D0 /* Headers */ = {
			isa = PBXHeadersBuildPhase;
			buildActionMask = 2147483647;
			files = (
				A0E0A2D61B8D186F00E9F7D0 /* GestureRecognizerClosures.h in Headers */,
			);
			runOnlyForDeploymentPostprocessing = 0;
		};
/* End PBXHeadersBuildPhase section */

/* Begin PBXNativeTarget section */
		A0E0A2CF1B8D186F00E9F7D0 /* GestureRecognizerClosures */ = {
			isa = PBXNativeTarget;
			buildConfigurationList = A0E0A2E61B8D186F00E9F7D0 /* Build configuration list for PBXNativeTarget "GestureRecognizerClosures" */;
			buildPhases = (
				A0E0A2CB1B8D186F00E9F7D0 /* Sources */,
				A0E0A2CC1B8D186F00E9F7D0 /* Frameworks */,
				A0E0A2CD1B8D186F00E9F7D0 /* Headers */,
				A0E0A2CE1B8D186F00E9F7D0 /* Resources */,
			);
			buildRules = (
			);
			dependencies = (
			);
			name = GestureRecognizerClosures;
			productName = GestureRecognizerClosures;
			productReference = A0E0A2D01B8D186F00E9F7D0 /* GestureRecognizerClosures.framework */;
			productType = "com.apple.product-type.framework";
		};
		A0E0A2DA1B8D186F00E9F7D0 /* GestureRecognizerClosuresTests */ = {
			isa = PBXNativeTarget;
			buildConfigurationList = A0E0A2E91B8D186F00E9F7D0 /* Build configuration list for PBXNativeTarget "GestureRecognizerClosuresTests" */;
			buildPhases = (
				2A58166B6C5E83F96DAF56AA /* [CP] Check Pods Manifest.lock */,
				A0E0A2D71B8D186F00E9F7D0 /* Sources */,
				A0E0A2D81B8D186F00E9F7D0 /* Frameworks */,
				A0E0A2D91B8D186F00E9F7D0 /* Resources */,
				563DEE22680C0EAAEFC2F775 /* [CP] Embed Pods Frameworks */,
			);
			buildRules = (
			);
			dependencies = (
				A0E0A2DE1B8D186F00E9F7D0 /* PBXTargetDependency */,
			);
			name = GestureRecognizerClosuresTests;
			productName = GestureRecognizerClosuresTests;
			productReference = A0E0A2DB1B8D186F00E9F7D0 /* GestureRecognizerClosuresTests.xctest */;
			productType = "com.apple.product-type.bundle.unit-test";
		};
/* End PBXNativeTarget section */

/* Begin PBXProject section */
		A0E0A2C71B8D186F00E9F7D0 /* Project object */ = {
			isa = PBXProject;
			attributes = {
				LastSwiftMigration = 0700;
				LastSwiftUpdateCheck = 0700;
				LastUpgradeCheck = 0900;
				ORGANIZATIONNAME = "Marc Baldwin";
				TargetAttributes = {
					A0E0A2CF1B8D186F00E9F7D0 = {
						CreatedOnToolsVersion = 6.4;
						LastSwiftMigration = 1020;
					};
					A0E0A2DA1B8D186F00E9F7D0 = {
						CreatedOnToolsVersion = 6.4;
						DevelopmentTeam = HYV9U93759;
						LastSwiftMigration = 1020;
					};
				};
			};
			buildConfigurationList = A0E0A2CA1B8D186F00E9F7D0 /* Build configuration list for PBXProject "GestureRecognizerClosures" */;
			compatibilityVersion = "Xcode 3.2";
			developmentRegion = English;
			hasScannedForEncodings = 0;
			knownRegions = (
				English,
				en,
			);
			mainGroup = A0E0A2C61B8D186F00E9F7D0;
			productRefGroup = A0E0A2D11B8D186F00E9F7D0 /* Products */;
			projectDirPath = "";
			projectRoot = "";
			targets = (
				A0E0A2CF1B8D186F00E9F7D0 /* GestureRecognizerClosures */,
				A0E0A2DA1B8D186F00E9F7D0 /* GestureRecognizerClosuresTests */,
			);
		};
/* End PBXProject section */

/* Begin PBXResourcesBuildPhase section */
		A0E0A2CE1B8D186F00E9F7D0 /* Resources */ = {
			isa = PBXResourcesBuildPhase;
			buildActionMask = 2147483647;
			files = (
			);
			runOnlyForDeploymentPostprocessing = 0;
		};
		A0E0A2D91B8D186F00E9F7D0 /* Resources */ = {
			isa = PBXResourcesBuildPhase;
			buildActionMask = 2147483647;
			files = (
			);
			runOnlyForDeploymentPostprocessing = 0;
		};
/* End PBXResourcesBuildPhase section */

/* Begin PBXShellScriptBuildPhase section */
		2A58166B6C5E83F96DAF56AA /* [CP] Check Pods Manifest.lock */ = {
			isa = PBXShellScriptBuildPhase;
			buildActionMask = 2147483647;
			files = (
			);
			inputPaths = (
				"${PODS_PODFILE_DIR_PATH}/Podfile.lock",
				"${PODS_ROOT}/Manifest.lock",
			);
			name = "[CP] Check Pods Manifest.lock";
			outputPaths = (
				"$(DERIVED_FILE_DIR)/Pods-GestureRecognizerClosuresTests-checkManifestLockResult.txt",
			);
			runOnlyForDeploymentPostprocessing = 0;
			shellPath = /bin/sh;
			shellScript = "diff \"${PODS_PODFILE_DIR_PATH}/Podfile.lock\" \"${PODS_ROOT}/Manifest.lock\" > /dev/null\nif [ $? != 0 ] ; then\n    # print error to STDERR\n    echo \"error: The sandbox is not in sync with the Podfile.lock. Run 'pod install' or update your CocoaPods installation.\" >&2\n    exit 1\nfi\n# This output is used by Xcode 'outputs' to avoid re-running this script phase.\necho \"SUCCESS\" > \"${SCRIPT_OUTPUT_FILE_0}\"\n";
			showEnvVarsInLog = 0;
		};
		563DEE22680C0EAAEFC2F775 /* [CP] Embed Pods Frameworks */ = {
			isa = PBXShellScriptBuildPhase;
			buildActionMask = 2147483647;
			files = (
			);
			inputPaths = (
				"${PODS_ROOT}/Target Support Files/Pods-GestureRecognizerClosuresTests/Pods-GestureRecognizerClosuresTests-frameworks.sh",
				"${BUILT_PRODUCTS_DIR}/Nimble/Nimble.framework",
			);
			name = "[CP] Embed Pods Frameworks";
			outputPaths = (
				"${TARGET_BUILD_DIR}/${FRAMEWORKS_FOLDER_PATH}/Nimble.framework",
			);
			runOnlyForDeploymentPostprocessing = 0;
			shellPath = /bin/sh;
			shellScript = "\"${PODS_ROOT}/Target Support Files/Pods-GestureRecognizerClosuresTests/Pods-GestureRecognizerClosuresTests-frameworks.sh\"\n";
			showEnvVarsInLog = 0;
		};
/* End PBXShellScriptBuildPhase section */

/* Begin PBXSourcesBuildPhase section */
		A0E0A2CB1B8D186F00E9F7D0 /* Sources */ = {
			isa = PBXSourcesBuildPhase;
			buildActionMask = 2147483647;
			files = (
				A070B78D1BA201CB00EF265E /* UIView+Closures.swift in Sources */,
				A0E0A2ED1B8D189D00E9F7D0 /* UIGestureRecognizer+Closures.swift in Sources */,
				A0641E971C61718E002C8160 /* UIBarButtonItem+Closures.swift in Sources */,
				A00B32261C7A860200286DC8 /* UIControl+Closures.swift in Sources */,
				A03BAB641C470E6B00E8395F /* GestureClosure.swift in Sources */,
				A0AE34F41C62C4A7004BD6B7 /* ClosureHandler.swift in Sources */,
			);
			runOnlyForDeploymentPostprocessing = 0;
		};
		A0E0A2D71B8D186F00E9F7D0 /* Sources */ = {
			isa = PBXSourcesBuildPhase;
			buildActionMask = 2147483647;
			files = (
				A0641E991C6171B4002C8160 /* UIBarButtonItem+ClosuresTests.swift in Sources */,
				A00B32241C7A858F00286DC8 /* UIControl+ClosuresTests.swift in Sources */,
				A0E0A2E31B8D186F00E9F7D0 /* UIGestureRecognizer+ClosuresTests.swift in Sources */,
				A083DE171BA9EE6B001E867F /* UIViewGesture+ClosuresTests.swift in Sources */,
			);
			runOnlyForDeploymentPostprocessing = 0;
		};
/* End PBXSourcesBuildPhase section */

/* Begin PBXTargetDependency section */
		A0E0A2DE1B8D186F00E9F7D0 /* PBXTargetDependency */ = {
			isa = PBXTargetDependency;
			target = A0E0A2CF1B8D186F00E9F7D0 /* GestureRecognizerClosures */;
			targetProxy = A0E0A2DD1B8D186F00E9F7D0 /* PBXContainerItemProxy */;
		};
/* End PBXTargetDependency section */

/* Begin XCBuildConfiguration section */
		A0E0A2E41B8D186F00E9F7D0 /* Debug */ = {
			isa = XCBuildConfiguration;
			buildSettings = {
				ALWAYS_EMBED_SWIFT_STANDARD_LIBRARIES = "$(inherited)";
				ALWAYS_SEARCH_USER_PATHS = NO;
				CLANG_CXX_LANGUAGE_STANDARD = "gnu++0x";
				CLANG_CXX_LIBRARY = "libc++";
				CLANG_ENABLE_MODULES = YES;
				CLANG_ENABLE_OBJC_ARC = YES;
				CLANG_WARN_BLOCK_CAPTURE_AUTORELEASING = YES;
				CLANG_WARN_BOOL_CONVERSION = YES;
				CLANG_WARN_COMMA = YES;
				CLANG_WARN_CONSTANT_CONVERSION = YES;
				CLANG_WARN_DIRECT_OBJC_ISA_USAGE = YES_ERROR;
				CLANG_WARN_EMPTY_BODY = YES;
				CLANG_WARN_ENUM_CONVERSION = YES;
				CLANG_WARN_INFINITE_RECURSION = YES;
				CLANG_WARN_INT_CONVERSION = YES;
				CLANG_WARN_NON_LITERAL_NULL_CONVERSION = YES;
				CLANG_WARN_OBJC_LITERAL_CONVERSION = YES;
				CLANG_WARN_OBJC_ROOT_CLASS = YES_ERROR;
				CLANG_WARN_RANGE_LOOP_ANALYSIS = YES;
				CLANG_WARN_STRICT_PROTOTYPES = YES;
				CLANG_WARN_SUSPICIOUS_MOVE = YES;
				CLANG_WARN_UNREACHABLE_CODE = YES;
				CLANG_WARN__DUPLICATE_METHOD_MATCH = YES;
				"CODE_SIGN_IDENTITY[sdk=iphoneos*]" = "iPhone Developer";
				COPY_PHASE_STRIP = NO;
				CURRENT_PROJECT_VERSION = 1;
				DEBUG_INFORMATION_FORMAT = "dwarf-with-dsym";
				ENABLE_STRICT_OBJC_MSGSEND = YES;
				ENABLE_TESTABILITY = YES;
				GCC_C_LANGUAGE_STANDARD = gnu99;
				GCC_DYNAMIC_NO_PIC = NO;
				GCC_NO_COMMON_BLOCKS = YES;
				GCC_OPTIMIZATION_LEVEL = 0;
				GCC_PREPROCESSOR_DEFINITIONS = (
					"DEBUG=1",
					"$(inherited)",
				);
				GCC_SYMBOLS_PRIVATE_EXTERN = NO;
				GCC_WARN_64_TO_32_BIT_CONVERSION = YES;
				GCC_WARN_ABOUT_RETURN_TYPE = YES_ERROR;
				GCC_WARN_UNDECLARED_SELECTOR = YES;
				GCC_WARN_UNINITIALIZED_AUTOS = YES_AGGRESSIVE;
				GCC_WARN_UNUSED_FUNCTION = YES;
				GCC_WARN_UNUSED_VARIABLE = YES;
				IPHONEOS_DEPLOYMENT_TARGET = 8.0;
				MTL_ENABLE_DEBUG_INFO = YES;
				ONLY_ACTIVE_ARCH = YES;
				SDKROOT = iphoneos;
				SWIFT_OPTIMIZATION_LEVEL = "-Onone";
				SWIFT_VERSION = 4.0;
				TARGETED_DEVICE_FAMILY = "1,2";
				VERSIONING_SYSTEM = "apple-generic";
				VERSION_INFO_PREFIX = "";
			};
			name = Debug;
		};
		A0E0A2E51B8D186F00E9F7D0 /* Release */ = {
			isa = XCBuildConfiguration;
			buildSettings = {
				ALWAYS_EMBED_SWIFT_STANDARD_LIBRARIES = "$(inherited)";
				ALWAYS_SEARCH_USER_PATHS = NO;
				CLANG_CXX_LANGUAGE_STANDARD = "gnu++0x";
				CLANG_CXX_LIBRARY = "libc++";
				CLANG_ENABLE_MODULES = YES;
				CLANG_ENABLE_OBJC_ARC = YES;
				CLANG_WARN_BLOCK_CAPTURE_AUTORELEASING = YES;
				CLANG_WARN_BOOL_CONVERSION = YES;
				CLANG_WARN_COMMA = YES;
				CLANG_WARN_CONSTANT_CONVERSION = YES;
				CLANG_WARN_DIRECT_OBJC_ISA_USAGE = YES_ERROR;
				CLANG_WARN_EMPTY_BODY = YES;
				CLANG_WARN_ENUM_CONVERSION = YES;
				CLANG_WARN_INFINITE_RECURSION = YES;
				CLANG_WARN_INT_CONVERSION = YES;
				CLANG_WARN_NON_LITERAL_NULL_CONVERSION = YES;
				CLANG_WARN_OBJC_LITERAL_CONVERSION = YES;
				CLANG_WARN_OBJC_ROOT_CLASS = YES_ERROR;
				CLANG_WARN_RANGE_LOOP_ANALYSIS = YES;
				CLANG_WARN_STRICT_PROTOTYPES = YES;
				CLANG_WARN_SUSPICIOUS_MOVE = YES;
				CLANG_WARN_UNREACHABLE_CODE = YES;
				CLANG_WARN__DUPLICATE_METHOD_MATCH = YES;
				"CODE_SIGN_IDENTITY[sdk=iphoneos*]" = "iPhone Developer";
				COPY_PHASE_STRIP = NO;
				CURRENT_PROJECT_VERSION = 1;
				DEBUG_INFORMATION_FORMAT = "dwarf-with-dsym";
				ENABLE_NS_ASSERTIONS = NO;
				ENABLE_STRICT_OBJC_MSGSEND = YES;
				GCC_C_LANGUAGE_STANDARD = gnu99;
				GCC_NO_COMMON_BLOCKS = YES;
				GCC_WARN_64_TO_32_BIT_CONVERSION = YES;
				GCC_WARN_ABOUT_RETURN_TYPE = YES_ERROR;
				GCC_WARN_UNDECLARED_SELECTOR = YES;
				GCC_WARN_UNINITIALIZED_AUTOS = YES_AGGRESSIVE;
				GCC_WARN_UNUSED_FUNCTION = YES;
				GCC_WARN_UNUSED_VARIABLE = YES;
				IPHONEOS_DEPLOYMENT_TARGET = 8.0;
				MTL_ENABLE_DEBUG_INFO = NO;
				SDKROOT = iphoneos;
				SWIFT_OPTIMIZATION_LEVEL = "-Owholemodule";
				SWIFT_VERSION = 4.0;
				TARGETED_DEVICE_FAMILY = "1,2";
				VALIDATE_PRODUCT = YES;
				VERSIONING_SYSTEM = "apple-generic";
				VERSION_INFO_PREFIX = "";
			};
			name = Release;
		};
		A0E0A2E71B8D186F00E9F7D0 /* Debug */ = {
			isa = XCBuildConfiguration;
			buildSettings = {
				ALWAYS_EMBED_SWIFT_STANDARD_LIBRARIES = "$(inherited)";
				CLANG_ENABLE_MODULES = YES;
				"CODE_SIGN_IDENTITY[sdk=iphoneos*]" = "";
				DEFINES_MODULE = YES;
				DYLIB_COMPATIBILITY_VERSION = 1;
				DYLIB_CURRENT_VERSION = 1;
				DYLIB_INSTALL_NAME_BASE = "@rpath";
				INFOPLIST_FILE = GestureRecognizerClosures/Info.plist;
				INSTALL_PATH = "$(LOCAL_LIBRARY_DIR)/Frameworks";
				IPHONEOS_DEPLOYMENT_TARGET = 8.0;
				LD_RUNPATH_SEARCH_PATHS = "$(inherited) @executable_path/Frameworks @loader_path/Frameworks";
				PRODUCT_BUNDLE_IDENTIFIER = "xyz.marcb.$(PRODUCT_NAME:rfc1034identifier)";
				PRODUCT_NAME = "$(TARGET_NAME)";
				SKIP_INSTALL = YES;
				SWIFT_OPTIMIZATION_LEVEL = "-Onone";
				SWIFT_VERSION = 5.0;
				TARGETED_DEVICE_FAMILY = "1,2";
			};
			name = Debug;
		};
		A0E0A2E81B8D186F00E9F7D0 /* Release */ = {
			isa = XCBuildConfiguration;
			buildSettings = {
				ALWAYS_EMBED_SWIFT_STANDARD_LIBRARIES = "$(inherited)";
				CLANG_ENABLE_MODULES = YES;
				"CODE_SIGN_IDENTITY[sdk=iphoneos*]" = "";
				DEFINES_MODULE = YES;
				DYLIB_COMPATIBILITY_VERSION = 1;
				DYLIB_CURRENT_VERSION = 1;
				DYLIB_INSTALL_NAME_BASE = "@rpath";
				INFOPLIST_FILE = GestureRecognizerClosures/Info.plist;
				INSTALL_PATH = "$(LOCAL_LIBRARY_DIR)/Frameworks";
				IPHONEOS_DEPLOYMENT_TARGET = 8.0;
				LD_RUNPATH_SEARCH_PATHS = "$(inherited) @executable_path/Frameworks @loader_path/Frameworks";
				PRODUCT_BUNDLE_IDENTIFIER = "xyz.marcb.$(PRODUCT_NAME:rfc1034identifier)";
				PRODUCT_NAME = "$(TARGET_NAME)";
				SKIP_INSTALL = YES;
				SWIFT_VERSION = 5.0;
				TARGETED_DEVICE_FAMILY = "1,2";
			};
			name = Release;
		};
		A0E0A2EA1B8D186F00E9F7D0 /* Debug */ = {
			isa = XCBuildConfiguration;
			baseConfigurationReference = A27428F363D386D9A572F738 /* Pods-GestureRecognizerClosuresTests.debug.xcconfig */;
			buildSettings = {
				ALWAYS_EMBED_SWIFT_STANDARD_LIBRARIES = "$(inherited)";
				DEVELOPMENT_TEAM = HYV9U93759;
				GCC_PREPROCESSOR_DEFINITIONS = (
					"DEBUG=1",
					"$(inherited)",
				);
				INFOPLIST_FILE = GestureRecognizerClosuresTests/Info.plist;
				LD_RUNPATH_SEARCH_PATHS = "$(inherited) @executable_path/Frameworks @loader_path/Frameworks";
				PRODUCT_BUNDLE_IDENTIFIER = "xyz.marcb.$(PRODUCT_NAME:rfc1034identifier)";
				PRODUCT_NAME = "$(TARGET_NAME)";
				SWIFT_VERSION = 5.0;
			};
			name = Debug;
		};
		A0E0A2EB1B8D186F00E9F7D0 /* Release */ = {
			isa = XCBuildConfiguration;
			baseConfigurationReference = 1D6408EB2F0B42B6369E193D /* Pods-GestureRecognizerClosuresTests.release.xcconfig */;
			buildSettings = {
				ALWAYS_EMBED_SWIFT_STANDARD_LIBRARIES = "$(inherited)";
				DEVELOPMENT_TEAM = HYV9U93759;
				INFOPLIST_FILE = GestureRecognizerClosuresTests/Info.plist;
				LD_RUNPATH_SEARCH_PATHS = "$(inherited) @executable_path/Frameworks @loader_path/Frameworks";
				PRODUCT_BUNDLE_IDENTIFIER = "xyz.marcb.$(PRODUCT_NAME:rfc1034identifier)";
				PRODUCT_NAME = "$(TARGET_NAME)";
				SWIFT_VERSION = 5.0;
			};
			name = Release;
		};
/* End XCBuildConfiguration section */

/* Begin XCConfigurationList section */
		A0E0A2CA1B8D186F00E9F7D0 /* Build configuration list for PBXProject "GestureRecognizerClosures" */ = {
			isa = XCConfigurationList;
			buildConfigurations = (
				A0E0A2E41B8D186F00E9F7D0 /* Debug */,
				A0E0A2E51B8D186F00E9F7D0 /* Release */,
			);
			defaultConfigurationIsVisible = 0;
			defaultConfigurationName = Release;
		};
		A0E0A2E61B8D186F00E9F7D0 /* Build configuration list for PBXNativeTarget "GestureRecognizerClosures" */ = {
			isa = XCConfigurationList;
			buildConfigurations = (
				A0E0A2E71B8D186F00E9F7D0 /* Debug */,
				A0E0A2E81B8D186F00E9F7D0 /* Release */,
			);
			defaultConfigurationIsVisible = 0;
			defaultConfigurationName = Release;
		};
		A0E0A2E91B8D186F00E9F7D0 /* Build configuration list for PBXNativeTarget "GestureRecognizerClosuresTests" */ = {
			isa = XCConfigurationList;
			buildConfigurations = (
				A0E0A2EA1B8D186F00E9F7D0 /* Debug */,
				A0E0A2EB1B8D186F00E9F7D0 /* Release */,
			);
			defaultConfigurationIsVisible = 0;
			defaultConfigurationName = Release;
		};
/* End XCConfigurationList section */
	};
	rootObject = A0E0A2C71B8D186F00E9F7D0 /* Project object */;
}
